
Microsoft Visual Studio Solution File, Format Version 12.00
# Visual Studio Version 16
VisualStudioVersion = 16.0.30114.105
MinimumVisualStudioVersion = 10.0.40219.1
Project("{FAE04EC0-301F-11D3-BF4B-00C04F79EFBC}") = "Lab2", "Lab2.csproj", "{40DFA1CE-F9DE-49B0-8370-115D86B708EA}"
EndProject
Global
	GlobalSection(SolutionConfigurationPlatforms) = preSolution
		Debug|Any CPU = Debug|Any CPU
		Release|Any CPU = Release|Any CPU
	EndGlobalSection
	GlobalSection(ProjectConfigurationPlatforms) = postSolution
		{40DFA1CE-F9DE-49B0-8370-115D86B708EA}.Debug|Any CPU.ActiveCfg = Debug|Any CPU
		{40DFA1CE-F9DE-49B0-8370-115D86B708EA}.Debug|Any CPU.Build.0 = Debug|Any CPU
		{40DFA1CE-F9DE-49B0-8370-115D86B708EA}.Release|Any CPU.ActiveCfg = Release|Any CPU
		{40DFA1CE-F9DE-49B0-8370-115D86B708EA}.Release|Any CPU.Build.0 = Release|Any CPU
	EndGlobalSection
	GlobalSection(SolutionProperties) = preSolution
		HideSolutionNode = FALSE
	EndGlobalSection
	GlobalSection(ExtensibilityGlobals) = postSolution
		SolutionGuid = {CEAAA0A3-BF61-4935-8B7D-D3F039CD3BD6}
	EndGlobalSection
EndGlobal
