
Microsoft Visual Studio Solution File, Format Version 12.00
# Visual Studio Version 16
VisualStudioVersion = 16.0.30114.105
MinimumVisualStudioVersion = 10.0.40219.1
Project("{9A19103F-16F7-4668-BE54-9A1E7A4F7556}") = "Lab2", "Lab2.csproj", "{40DFA1CE-F9DE-49B0-8370-115D86B708EA}"
EndProject
Project("{FAE04EC0-301F-11D3-BF4B-00C04F79EFBC}") = "Lib", "..\Lib\Lib.csproj", "{4FF49862-F522-48A9-BE7E-367ED545CCF4}"
EndProject
Project("{2150E333-8FDC-42A3-9474-1A3956D46DE8}") = "Config", "Config", "{A42B5678-37D2-40E1-9C84-3D06344BA3E1}"
	ProjectSection(SolutionItems) = preProject
		Config.tsv = Config.tsv
	EndProjectSection
EndProject
Project("{FAE04EC0-301F-11D3-BF4B-00C04F79EFBC}") = "AbstractFactory", "..\AbstractFactory\AbstractFactory.csproj", "{B4F80EA9-424F-43AA-9B7C-C2B088D24A6B}"
EndProject
Global
	GlobalSection(SolutionConfigurationPlatforms) = preSolution
		Debug|Any CPU = Debug|Any CPU
		Release|Any CPU = Release|Any CPU
	EndGlobalSection
	GlobalSection(ProjectConfigurationPlatforms) = postSolution
		{40DFA1CE-F9DE-49B0-8370-115D86B708EA}.Debug|Any CPU.ActiveCfg = Debug|Any CPU
		{40DFA1CE-F9DE-49B0-8370-115D86B708EA}.Debug|Any CPU.Build.0 = Debug|Any CPU
		{40DFA1CE-F9DE-49B0-8370-115D86B708EA}.Release|Any CPU.ActiveCfg = Release|Any CPU
		{40DFA1CE-F9DE-49B0-8370-115D86B708EA}.Release|Any CPU.Build.0 = Release|Any CPU
		{4FF49862-F522-48A9-BE7E-367ED545CCF4}.Debug|Any CPU.ActiveCfg = Debug|Any CPU
		{4FF49862-F522-48A9-BE7E-367ED545CCF4}.Debug|Any CPU.Build.0 = Debug|Any CPU
		{4FF49862-F522-48A9-BE7E-367ED545CCF4}.Release|Any CPU.ActiveCfg = Release|Any CPU
		{4FF49862-F522-48A9-BE7E-367ED545CCF4}.Release|Any CPU.Build.0 = Release|Any CPU
		{B4F80EA9-424F-43AA-9B7C-C2B088D24A6B}.Debug|Any CPU.ActiveCfg = Debug|Any CPU
		{B4F80EA9-424F-43AA-9B7C-C2B088D24A6B}.Debug|Any CPU.Build.0 = Debug|Any CPU
		{B4F80EA9-424F-43AA-9B7C-C2B088D24A6B}.Release|Any CPU.ActiveCfg = Release|Any CPU
		{B4F80EA9-424F-43AA-9B7C-C2B088D24A6B}.Release|Any CPU.Build.0 = Release|Any CPU
	EndGlobalSection
	GlobalSection(SolutionProperties) = preSolution
		HideSolutionNode = FALSE
	EndGlobalSection
	GlobalSection(ExtensibilityGlobals) = postSolution
		SolutionGuid = {CEAAA0A3-BF61-4935-8B7D-D3F039CD3BD6}
	EndGlobalSection
EndGlobal
